// !$*UTF8*$!
{
	archiveVersion = 1;
	classes = {
	};
	objectVersion = 56;
	objects = {

/* Begin PBXBuildFile section */
		B1109EC62C7EA94B00633647 /* ubiquitous_eureka_swiftuiApp.swift in Sources */ = {isa = PBXBuildFile; fileRef = B1109EC52C7EA94B00633647 /* ubiquitous_eureka_swiftuiApp.swift */; };
		B1109EC82C7EA94B00633647 /* ContentView.swift in Sources */ = {isa = PBXBuildFile; fileRef = B1109EC72C7EA94B00633647 /* ContentView.swift */; };
		B1109ECA2C7EA94B00633647 /* Item.swift in Sources */ = {isa = PBXBuildFile; fileRef = B1109EC92C7EA94B00633647 /* Item.swift */; };
		B1109ECC2C7EA94C00633647 /* Assets.xcassets in Resources */ = {isa = PBXBuildFile; fileRef = B1109ECB2C7EA94C00633647 /* Assets.xcassets */; };
		B1109ECF2C7EA94C00633647 /* Preview Assets.xcassets in Resources */ = {isa = PBXBuildFile; fileRef = B1109ECE2C7EA94C00633647 /* Preview Assets.xcassets */; };
		B1109ED72C7EA9FB00633647 /* FirebaseAuth in Frameworks */ = {isa = PBXBuildFile; productRef = B1109ED62C7EA9FB00633647 /* FirebaseAuth */; };
		B1109ED92C7EAA3600633647 /* GoogleService-Info.plist in Resources */ = {isa = PBXBuildFile; fileRef = B1109ED82C7EAA3600633647 /* GoogleService-Info.plist */; };
		B1109EDC2C7EAA5900633647 /* LoginView.swift in Sources */ = {isa = PBXBuildFile; fileRef = B1109EDB2C7EAA5900633647 /* LoginView.swift */; };
		B1109EDE2C7EAA6200633647 /* RegistrationView.swift in Sources */ = {isa = PBXBuildFile; fileRef = B1109EDD2C7EAA6200633647 /* RegistrationView.swift */; };
		B1109EE02C7EAA6E00633647 /* AuthenticationSuccessView.swift in Sources */ = {isa = PBXBuildFile; fileRef = B1109EDF2C7EAA6E00633647 /* AuthenticationSuccessView.swift */; };
		B1109EE22C7EAA7F00633647 /* FireAuthManager.swift in Sources */ = {isa = PBXBuildFile; fileRef = B1109EE12C7EAA7F00633647 /* FireAuthManager.swift */; };
		B1F910642C7EC2C200C8C300 /* LocationManager.swift in Sources */ = {isa = PBXBuildFile; fileRef = B1F910632C7EC2C200C8C300 /* LocationManager.swift */; };
		B1F910662C7EC36000C8C300 /* MapView.swift in Sources */ = {isa = PBXBuildFile; fileRef = B1F910652C7EC36000C8C300 /* MapView.swift */; };
		B1F910692C7FC97100C8C300 /* SwiftProtobuf in Frameworks */ = {isa = PBXBuildFile; productRef = B1F910682C7FC97100C8C300 /* SwiftProtobuf */; };
		B1F9106B2C7FC97100C8C300 /* SwiftProtobufPluginLibrary in Frameworks */ = {isa = PBXBuildFile; productRef = B1F9106A2C7FC97100C8C300 /* SwiftProtobufPluginLibrary */; };
		B1F910732C7FD03600C8C300 /* MediaPickerView.swift in Sources */ = {isa = PBXBuildFile; fileRef = B1F910722C7FD03600C8C300 /* MediaPickerView.swift */; };
		B1F910752C7FEACF00C8C300 /* ImageHelpers.swift in Sources */ = {isa = PBXBuildFile; fileRef = B1F910742C7FEACF00C8C300 /* ImageHelpers.swift */; };
		B1F910772C7FF12000C8C300 /* FirebaseStorage in Frameworks */ = {isa = PBXBuildFile; productRef = B1F910762C7FF12000C8C300 /* FirebaseStorage */; };
/* End PBXBuildFile section */

/* Begin PBXFileReference section */
		B1109EC22C7EA94B00633647 /* ubiquitous-eureka-swiftui.app */ = {isa = PBXFileReference; explicitFileType = wrapper.application; includeInIndex = 0; path = "ubiquitous-eureka-swiftui.app"; sourceTree = BUILT_PRODUCTS_DIR; };
		B1109EC52C7EA94B00633647 /* ubiquitous_eureka_swiftuiApp.swift */ = {isa = PBXFileReference; lastKnownFileType = sourcecode.swift; path = ubiquitous_eureka_swiftuiApp.swift; sourceTree = "<group>"; };
		B1109EC72C7EA94B00633647 /* ContentView.swift */ = {isa = PBXFileReference; lastKnownFileType = sourcecode.swift; path = ContentView.swift; sourceTree = "<group>"; };
		B1109EC92C7EA94B00633647 /* Item.swift */ = {isa = PBXFileReference; lastKnownFileType = sourcecode.swift; path = Item.swift; sourceTree = "<group>"; };
		B1109ECB2C7EA94C00633647 /* Assets.xcassets */ = {isa = PBXFileReference; lastKnownFileType = folder.assetcatalog; path = Assets.xcassets; sourceTree = "<group>"; };
		B1109ECE2C7EA94C00633647 /* Preview Assets.xcassets */ = {isa = PBXFileReference; lastKnownFileType = folder.assetcatalog; path = "Preview Assets.xcassets"; sourceTree = "<group>"; };
		B1109ED82C7EAA3600633647 /* GoogleService-Info.plist */ = {isa = PBXFileReference; fileEncoding = 4; lastKnownFileType = text.plist.xml; path = "GoogleService-Info.plist"; sourceTree = "<group>"; };
		B1109EDB2C7EAA5900633647 /* LoginView.swift */ = {isa = PBXFileReference; lastKnownFileType = sourcecode.swift; path = LoginView.swift; sourceTree = "<group>"; };
		B1109EDD2C7EAA6200633647 /* RegistrationView.swift */ = {isa = PBXFileReference; lastKnownFileType = sourcecode.swift; path = RegistrationView.swift; sourceTree = "<group>"; };
		B1109EDF2C7EAA6E00633647 /* AuthenticationSuccessView.swift */ = {isa = PBXFileReference; lastKnownFileType = sourcecode.swift; path = AuthenticationSuccessView.swift; sourceTree = "<group>"; };
		B1109EE12C7EAA7F00633647 /* FireAuthManager.swift */ = {isa = PBXFileReference; lastKnownFileType = sourcecode.swift; path = FireAuthManager.swift; sourceTree = "<group>"; };
		B1F910632C7EC2C200C8C300 /* LocationManager.swift */ = {isa = PBXFileReference; lastKnownFileType = sourcecode.swift; path = LocationManager.swift; sourceTree = "<group>"; };
		B1F910652C7EC36000C8C300 /* MapView.swift */ = {isa = PBXFileReference; lastKnownFileType = sourcecode.swift; path = MapView.swift; sourceTree = "<group>"; };
		B1F910722C7FD03600C8C300 /* MediaPickerView.swift */ = {isa = PBXFileReference; lastKnownFileType = sourcecode.swift; path = MediaPickerView.swift; sourceTree = "<group>"; };
		B1F910742C7FEACF00C8C300 /* ImageHelpers.swift */ = {isa = PBXFileReference; lastKnownFileType = sourcecode.swift; path = ImageHelpers.swift; sourceTree = "<group>"; };
/* End PBXFileReference section */

/* Begin PBXFrameworksBuildPhase section */
		B1109EBF2C7EA94B00633647 /* Frameworks */ = {
			isa = PBXFrameworksBuildPhase;
			buildActionMask = 2147483647;
			files = (
				B1F9106B2C7FC97100C8C300 /* SwiftProtobufPluginLibrary in Frameworks */,
				B1F910772C7FF12000C8C300 /* FirebaseStorage in Frameworks */,
				B1109ED72C7EA9FB00633647 /* FirebaseAuth in Frameworks */,
				B1F910692C7FC97100C8C300 /* SwiftProtobuf in Frameworks */,
			);
			runOnlyForDeploymentPostprocessing = 0;
		};
/* End PBXFrameworksBuildPhase section */

/* Begin PBXGroup section */
		B1109EB92C7EA94B00633647 = {
			isa = PBXGroup;
			children = (
				B1109ED82C7EAA3600633647 /* GoogleService-Info.plist */,
				B1109EC42C7EA94B00633647 /* ubiquitous-eureka-swiftui */,
				B1109EC32C7EA94B00633647 /* Products */,
			);
			sourceTree = "<group>";
		};
		B1109EC32C7EA94B00633647 /* Products */ = {
			isa = PBXGroup;
			children = (
				B1109EC22C7EA94B00633647 /* ubiquitous-eureka-swiftui.app */,
			);
			name = Products;
			sourceTree = "<group>";
		};
		B1109EC42C7EA94B00633647 /* ubiquitous-eureka-swiftui */ = {
			isa = PBXGroup;
			children = (
				B1109EC52C7EA94B00633647 /* ubiquitous_eureka_swiftuiApp.swift */,
				B1109EC72C7EA94B00633647 /* ContentView.swift */,
				B1F9106F2C7FD01600C8C300 /* AV */,
				B1F910622C7EC2B400C8C300 /* Location */,
				B1109EDA2C7EAA4F00633647 /* Authentication */,
				B1109EC92C7EA94B00633647 /* Item.swift */,
				B1109ECB2C7EA94C00633647 /* Assets.xcassets */,
				B1109ECD2C7EA94C00633647 /* Preview Content */,
			);
			path = "ubiquitous-eureka-swiftui";
			sourceTree = "<group>";
		};
		B1109ECD2C7EA94C00633647 /* Preview Content */ = {
			isa = PBXGroup;
			children = (
				B1109ECE2C7EA94C00633647 /* Preview Assets.xcassets */,
			);
			path = "Preview Content";
			sourceTree = "<group>";
		};
		B1109EDA2C7EAA4F00633647 /* Authentication */ = {
			isa = PBXGroup;
			children = (
				B1109EDB2C7EAA5900633647 /* LoginView.swift */,
				B1109EDD2C7EAA6200633647 /* RegistrationView.swift */,
				B1109EDF2C7EAA6E00633647 /* AuthenticationSuccessView.swift */,
				B1109EE12C7EAA7F00633647 /* FireAuthManager.swift */,
			);
			path = Authentication;
			sourceTree = "<group>";
		};
		B1F910622C7EC2B400C8C300 /* Location */ = {
			isa = PBXGroup;
			children = (
				B1F910632C7EC2C200C8C300 /* LocationManager.swift */,
				B1F910652C7EC36000C8C300 /* MapView.swift */,
			);
			path = Location;
			sourceTree = "<group>";
		};
		B1F9106F2C7FD01600C8C300 /* AV */ = {
			isa = PBXGroup;
			children = (
				B1F910722C7FD03600C8C300 /* MediaPickerView.swift */,
				B1F910742C7FEACF00C8C300 /* ImageHelpers.swift */,
			);
			path = AV;
			sourceTree = "<group>";
		};
/* End PBXGroup section */

/* Begin PBXNativeTarget section */
		B1109EC12C7EA94B00633647 /* ubiquitous-eureka-swiftui */ = {
			isa = PBXNativeTarget;
			buildConfigurationList = B1109ED22C7EA94C00633647 /* Build configuration list for PBXNativeTarget "ubiquitous-eureka-swiftui" */;
			buildPhases = (
				B1109EBE2C7EA94B00633647 /* Sources */,
				B1109EBF2C7EA94B00633647 /* Frameworks */,
				B1109EC02C7EA94B00633647 /* Resources */,
			);
			buildRules = (
			);
			dependencies = (
			);
			name = "ubiquitous-eureka-swiftui";
			packageProductDependencies = (
				B1109ED62C7EA9FB00633647 /* FirebaseAuth */,
				B1F910682C7FC97100C8C300 /* SwiftProtobuf */,
				B1F9106A2C7FC97100C8C300 /* SwiftProtobufPluginLibrary */,
				B1F910762C7FF12000C8C300 /* FirebaseStorage */,
			);
			productName = "ubiquitous-eureka-swiftui";
			productReference = B1109EC22C7EA94B00633647 /* ubiquitous-eureka-swiftui.app */;
			productType = "com.apple.product-type.application";
		};
/* End PBXNativeTarget section */

/* Begin PBXProject section */
		B1109EBA2C7EA94B00633647 /* Project object */ = {
			isa = PBXProject;
			attributes = {
				BuildIndependentTargetsInParallel = 1;
				LastSwiftUpdateCheck = 1540;
				LastUpgradeCheck = 1540;
				TargetAttributes = {
					B1109EC12C7EA94B00633647 = {
						CreatedOnToolsVersion = 15.4;
					};
				};
			};
			buildConfigurationList = B1109EBD2C7EA94B00633647 /* Build configuration list for PBXProject "ubiquitous-eureka-swiftui" */;
			compatibilityVersion = "Xcode 14.0";
			developmentRegion = en;
			hasScannedForEncodings = 0;
			knownRegions = (
				en,
				Base,
			);
			mainGroup = B1109EB92C7EA94B00633647;
			packageReferences = (
				B1109ED52C7EA9FB00633647 /* XCRemoteSwiftPackageReference "firebase-ios-sdk" */,
				B1F910672C7FC97100C8C300 /* XCRemoteSwiftPackageReference "swift-protobuf" */,
			);
			productRefGroup = B1109EC32C7EA94B00633647 /* Products */;
			projectDirPath = "";
			projectRoot = "";
			targets = (
				B1109EC12C7EA94B00633647 /* ubiquitous-eureka-swiftui */,
			);
		};
/* End PBXProject section */

/* Begin PBXResourcesBuildPhase section */
		B1109EC02C7EA94B00633647 /* Resources */ = {
			isa = PBXResourcesBuildPhase;
			buildActionMask = 2147483647;
			files = (
				B1109ECF2C7EA94C00633647 /* Preview Assets.xcassets in Resources */,
				B1109ECC2C7EA94C00633647 /* Assets.xcassets in Resources */,
				B1109ED92C7EAA3600633647 /* GoogleService-Info.plist in Resources */,
			);
			runOnlyForDeploymentPostprocessing = 0;
		};
/* End PBXResourcesBuildPhase section */

/* Begin PBXSourcesBuildPhase section */
		B1109EBE2C7EA94B00633647 /* Sources */ = {
			isa = PBXSourcesBuildPhase;
			buildActionMask = 2147483647;
			files = (
				B1109EE22C7EAA7F00633647 /* FireAuthManager.swift in Sources */,
				B1F910732C7FD03600C8C300 /* MediaPickerView.swift in Sources */,
				B1109EE02C7EAA6E00633647 /* AuthenticationSuccessView.swift in Sources */,
				B1109EC82C7EA94B00633647 /* ContentView.swift in Sources */,
				B1109ECA2C7EA94B00633647 /* Item.swift in Sources */,
				B1F910642C7EC2C200C8C300 /* LocationManager.swift in Sources */,
				B1109EDC2C7EAA5900633647 /* LoginView.swift in Sources */,
				B1109EC62C7EA94B00633647 /* ubiquitous_eureka_swiftuiApp.swift in Sources */,
				B1F910662C7EC36000C8C300 /* MapView.swift in Sources */,
				B1109EDE2C7EAA6200633647 /* RegistrationView.swift in Sources */,
				B1F910752C7FEACF00C8C300 /* ImageHelpers.swift in Sources */,
			);
			runOnlyForDeploymentPostprocessing = 0;
		};
/* End PBXSourcesBuildPhase section */

/* Begin XCBuildConfiguration section */
		B1109ED02C7EA94C00633647 /* Debug */ = {
			isa = XCBuildConfiguration;
			buildSettings = {
				ALWAYS_SEARCH_USER_PATHS = NO;
				ASSETCATALOG_COMPILER_GENERATE_SWIFT_ASSET_SYMBOL_EXTENSIONS = YES;
				CLANG_ANALYZER_NONNULL = YES;
				CLANG_ANALYZER_NUMBER_OBJECT_CONVERSION = YES_AGGRESSIVE;
				CLANG_CXX_LANGUAGE_STANDARD = "gnu++20";
				CLANG_ENABLE_MODULES = YES;
				CLANG_ENABLE_OBJC_ARC = YES;
				CLANG_ENABLE_OBJC_WEAK = YES;
				CLANG_WARN_BLOCK_CAPTURE_AUTORELEASING = YES;
				CLANG_WARN_BOOL_CONVERSION = YES;
				CLANG_WARN_COMMA = YES;
				CLANG_WARN_CONSTANT_CONVERSION = YES;
				CLANG_WARN_DEPRECATED_OBJC_IMPLEMENTATIONS = YES;
				CLANG_WARN_DIRECT_OBJC_ISA_USAGE = YES_ERROR;
				CLANG_WARN_DOCUMENTATION_COMMENTS = YES;
				CLANG_WARN_EMPTY_BODY = YES;
				CLANG_WARN_ENUM_CONVERSION = YES;
				CLANG_WARN_INFINITE_RECURSION = YES;
				CLANG_WARN_INT_CONVERSION = YES;
				CLANG_WARN_NON_LITERAL_NULL_CONVERSION = YES;
				CLANG_WARN_OBJC_IMPLICIT_RETAIN_SELF = YES;
				CLANG_WARN_OBJC_LITERAL_CONVERSION = YES;
				CLANG_WARN_OBJC_ROOT_CLASS = YES_ERROR;
				CLANG_WARN_QUOTED_INCLUDE_IN_FRAMEWORK_HEADER = YES;
				CLANG_WARN_RANGE_LOOP_ANALYSIS = YES;
				CLANG_WARN_STRICT_PROTOTYPES = YES;
				CLANG_WARN_SUSPICIOUS_MOVE = YES;
				CLANG_WARN_UNGUARDED_AVAILABILITY = YES_AGGRESSIVE;
				CLANG_WARN_UNREACHABLE_CODE = YES;
				CLANG_WARN__DUPLICATE_METHOD_MATCH = YES;
				COPY_PHASE_STRIP = NO;
				DEBUG_INFORMATION_FORMAT = dwarf;
				ENABLE_STRICT_OBJC_MSGSEND = YES;
				ENABLE_TESTABILITY = YES;
				ENABLE_USER_SCRIPT_SANDBOXING = YES;
				GCC_C_LANGUAGE_STANDARD = gnu17;
				GCC_DYNAMIC_NO_PIC = NO;
				GCC_NO_COMMON_BLOCKS = YES;
				GCC_OPTIMIZATION_LEVEL = 0;
				GCC_PREPROCESSOR_DEFINITIONS = (
					"DEBUG=1",
					"$(inherited)",
				);
				GCC_WARN_64_TO_32_BIT_CONVERSION = YES;
				GCC_WARN_ABOUT_RETURN_TYPE = YES_ERROR;
				GCC_WARN_UNDECLARED_SELECTOR = YES;
				GCC_WARN_UNINITIALIZED_AUTOS = YES_AGGRESSIVE;
				GCC_WARN_UNUSED_FUNCTION = YES;
				GCC_WARN_UNUSED_VARIABLE = YES;
				IPHONEOS_DEPLOYMENT_TARGET = 17.5;
				LOCALIZATION_PREFERS_STRING_CATALOGS = YES;
				MTL_ENABLE_DEBUG_INFO = INCLUDE_SOURCE;
				MTL_FAST_MATH = YES;
				ONLY_ACTIVE_ARCH = YES;
				SDKROOT = iphoneos;
				SWIFT_ACTIVE_COMPILATION_CONDITIONS = "DEBUG $(inherited)";
				SWIFT_OPTIMIZATION_LEVEL = "-Onone";
			};
			name = Debug;
		};
		B1109ED12C7EA94C00633647 /* Release */ = {
			isa = XCBuildConfiguration;
			buildSettings = {
				ALWAYS_SEARCH_USER_PATHS = NO;
				ASSETCATALOG_COMPILER_GENERATE_SWIFT_ASSET_SYMBOL_EXTENSIONS = YES;
				CLANG_ANALYZER_NONNULL = YES;
				CLANG_ANALYZER_NUMBER_OBJECT_CONVERSION = YES_AGGRESSIVE;
				CLANG_CXX_LANGUAGE_STANDARD = "gnu++20";
				CLANG_ENABLE_MODULES = YES;
				CLANG_ENABLE_OBJC_ARC = YES;
				CLANG_ENABLE_OBJC_WEAK = YES;
				CLANG_WARN_BLOCK_CAPTURE_AUTORELEASING = YES;
				CLANG_WARN_BOOL_CONVERSION = YES;
				CLANG_WARN_COMMA = YES;
				CLANG_WARN_CONSTANT_CONVERSION = YES;
				CLANG_WARN_DEPRECATED_OBJC_IMPLEMENTATIONS = YES;
				CLANG_WARN_DIRECT_OBJC_ISA_USAGE = YES_ERROR;
				CLANG_WARN_DOCUMENTATION_COMMENTS = YES;
				CLANG_WARN_EMPTY_BODY = YES;
				CLANG_WARN_ENUM_CONVERSION = YES;
				CLANG_WARN_INFINITE_RECURSION = YES;
				CLANG_WARN_INT_CONVERSION = YES;
				CLANG_WARN_NON_LITERAL_NULL_CONVERSION = YES;
				CLANG_WARN_OBJC_IMPLICIT_RETAIN_SELF = YES;
				CLANG_WARN_OBJC_LITERAL_CONVERSION = YES;
				CLANG_WARN_OBJC_ROOT_CLASS = YES_ERROR;
				CLANG_WARN_QUOTED_INCLUDE_IN_FRAMEWORK_HEADER = YES;
				CLANG_WARN_RANGE_LOOP_ANALYSIS = YES;
				CLANG_WARN_STRICT_PROTOTYPES = YES;
				CLANG_WARN_SUSPICIOUS_MOVE = YES;
				CLANG_WARN_UNGUARDED_AVAILABILITY = YES_AGGRESSIVE;
				CLANG_WARN_UNREACHABLE_CODE = YES;
				CLANG_WARN__DUPLICATE_METHOD_MATCH = YES;
				COPY_PHASE_STRIP = NO;
				DEBUG_INFORMATION_FORMAT = "dwarf-with-dsym";
				ENABLE_NS_ASSERTIONS = NO;
				ENABLE_STRICT_OBJC_MSGSEND = YES;
				ENABLE_USER_SCRIPT_SANDBOXING = YES;
				GCC_C_LANGUAGE_STANDARD = gnu17;
				GCC_NO_COMMON_BLOCKS = YES;
				GCC_WARN_64_TO_32_BIT_CONVERSION = YES;
				GCC_WARN_ABOUT_RETURN_TYPE = YES_ERROR;
				GCC_WARN_UNDECLARED_SELECTOR = YES;
				GCC_WARN_UNINITIALIZED_AUTOS = YES_AGGRESSIVE;
				GCC_WARN_UNUSED_FUNCTION = YES;
				GCC_WARN_UNUSED_VARIABLE = YES;
				IPHONEOS_DEPLOYMENT_TARGET = 17.5;
				LOCALIZATION_PREFERS_STRING_CATALOGS = YES;
				MTL_ENABLE_DEBUG_INFO = NO;
				MTL_FAST_MATH = YES;
				SDKROOT = iphoneos;
				SWIFT_COMPILATION_MODE = wholemodule;
				VALIDATE_PRODUCT = YES;
			};
			name = Release;
		};
		B1109ED32C7EA94C00633647 /* Debug */ = {
			isa = XCBuildConfiguration;
			buildSettings = {
				ASSETCATALOG_COMPILER_APPICON_NAME = AppIcon;
				ASSETCATALOG_COMPILER_GLOBAL_ACCENT_COLOR_NAME = AccentColor;
				CODE_SIGN_STYLE = Automatic;
				CURRENT_PROJECT_VERSION = 1;
				DEVELOPMENT_ASSET_PATHS = "\"ubiquitous-eureka-swiftui/Preview Content\"";
				DEVELOPMENT_TEAM = 6W56PZLJZG;
				ENABLE_PREVIEWS = YES;
				GENERATE_INFOPLIST_FILE = YES;
				INFOPLIST_KEY_NSLocationWhenInUseUsageDescription = "This app needs your location to provide directions, routing, and map views.";
				INFOPLIST_KEY_UIApplicationSceneManifest_Generation = YES;
				INFOPLIST_KEY_UIApplicationSupportsIndirectInputEvents = YES;
				INFOPLIST_KEY_UILaunchScreen_Generation = YES;
				INFOPLIST_KEY_UISupportedInterfaceOrientations_iPad = "UIInterfaceOrientationPortrait UIInterfaceOrientationPortraitUpsideDown UIInterfaceOrientationLandscapeLeft UIInterfaceOrientationLandscapeRight";
				INFOPLIST_KEY_UISupportedInterfaceOrientations_iPhone = "UIInterfaceOrientationPortrait UIInterfaceOrientationLandscapeLeft UIInterfaceOrientationLandscapeRight";
				LD_RUNPATH_SEARCH_PATHS = (
					"$(inherited)",
					"@executable_path/Frameworks",
				);
				MARKETING_VERSION = 1.0;
				PRODUCT_BUNDLE_IDENTIFIER = "com.pjb.den.ubiquitous-eureka-swiftui";
				PRODUCT_NAME = "$(TARGET_NAME)";
				SWIFT_EMIT_LOC_STRINGS = YES;
				SWIFT_VERSION = 5.0;
				TARGETED_DEVICE_FAMILY = "1,2";
			};
			name = Debug;
		};
		B1109ED42C7EA94C00633647 /* Release */ = {
			isa = XCBuildConfiguration;
			buildSettings = {
				ASSETCATALOG_COMPILER_APPICON_NAME = AppIcon;
				ASSETCATALOG_COMPILER_GLOBAL_ACCENT_COLOR_NAME = AccentColor;
				CODE_SIGN_STYLE = Automatic;
				CURRENT_PROJECT_VERSION = 1;
				DEVELOPMENT_ASSET_PATHS = "\"ubiquitous-eureka-swiftui/Preview Content\"";
				DEVELOPMENT_TEAM = 6W56PZLJZG;
				ENABLE_PREVIEWS = YES;
				GENERATE_INFOPLIST_FILE = YES;
				INFOPLIST_KEY_NSLocationWhenInUseUsageDescription = "This app needs your location to provide directions, routing, and map views.";
				INFOPLIST_KEY_UIApplicationSceneManifest_Generation = YES;
				INFOPLIST_KEY_UIApplicationSupportsIndirectInputEvents = YES;
				INFOPLIST_KEY_UILaunchScreen_Generation = YES;
				INFOPLIST_KEY_UISupportedInterfaceOrientations_iPad = "UIInterfaceOrientationPortrait UIInterfaceOrientationPortraitUpsideDown UIInterfaceOrientationLandscapeLeft UIInterfaceOrientationLandscapeRight";
				INFOPLIST_KEY_UISupportedInterfaceOrientations_iPhone = "UIInterfaceOrientationPortrait UIInterfaceOrientationLandscapeLeft UIInterfaceOrientationLandscapeRight";
				LD_RUNPATH_SEARCH_PATHS = (
					"$(inherited)",
					"@executable_path/Frameworks",
				);
				MARKETING_VERSION = 1.0;
				PRODUCT_BUNDLE_IDENTIFIER = "com.pjb.den.ubiquitous-eureka-swiftui";
				PRODUCT_NAME = "$(TARGET_NAME)";
				SWIFT_EMIT_LOC_STRINGS = YES;
				SWIFT_VERSION = 5.0;
				TARGETED_DEVICE_FAMILY = "1,2";
			};
			name = Release;
		};
/* End XCBuildConfiguration section */

/* Begin XCConfigurationList section */
		B1109EBD2C7EA94B00633647 /* Build configuration list for PBXProject "ubiquitous-eureka-swiftui" */ = {
			isa = XCConfigurationList;
			buildConfigurations = (
				B1109ED02C7EA94C00633647 /* Debug */,
				B1109ED12C7EA94C00633647 /* Release */,
			);
			defaultConfigurationIsVisible = 0;
			defaultConfigurationName = Release;
		};
		B1109ED22C7EA94C00633647 /* Build configuration list for PBXNativeTarget "ubiquitous-eureka-swiftui" */ = {
			isa = XCConfigurationList;
			buildConfigurations = (
				B1109ED32C7EA94C00633647 /* Debug */,
				B1109ED42C7EA94C00633647 /* Release */,
			);
			defaultConfigurationIsVisible = 0;
			defaultConfigurationName = Release;
		};
/* End XCConfigurationList section */

/* Begin XCRemoteSwiftPackageReference section */
		B1109ED52C7EA9FB00633647 /* XCRemoteSwiftPackageReference "firebase-ios-sdk" */ = {
			isa = XCRemoteSwiftPackageReference;
			repositoryURL = "https://github.com/firebase/firebase-ios-sdk";
			requirement = {
				kind = upToNextMajorVersion;
				minimumVersion = 11.1.0;
			};
		};
		B1F910672C7FC97100C8C300 /* XCRemoteSwiftPackageReference "swift-protobuf" */ = {
			isa = XCRemoteSwiftPackageReference;
			repositoryURL = "https://github.com/apple/swift-protobuf.git";
			requirement = {
				kind = upToNextMajorVersion;
				minimumVersion = 1.28.0;
			};
		};
/* End XCRemoteSwiftPackageReference section */

/* Begin XCSwiftPackageProductDependency section */
		B1109ED62C7EA9FB00633647 /* FirebaseAuth */ = {
			isa = XCSwiftPackageProductDependency;
			package = B1109ED52C7EA9FB00633647 /* XCRemoteSwiftPackageReference "firebase-ios-sdk" */;
			productName = FirebaseAuth;
		};
		B1F910682C7FC97100C8C300 /* SwiftProtobuf */ = {
			isa = XCSwiftPackageProductDependency;
			package = B1F910672C7FC97100C8C300 /* XCRemoteSwiftPackageReference "swift-protobuf" */;
			productName = SwiftProtobuf;
		};
		B1F9106A2C7FC97100C8C300 /* SwiftProtobufPluginLibrary */ = {
			isa = XCSwiftPackageProductDependency;
			package = B1F910672C7FC97100C8C300 /* XCRemoteSwiftPackageReference "swift-protobuf" */;
			productName = SwiftProtobufPluginLibrary;
		};
		B1F910762C7FF12000C8C300 /* FirebaseStorage */ = {
			isa = XCSwiftPackageProductDependency;
			package = B1109ED52C7EA9FB00633647 /* XCRemoteSwiftPackageReference "firebase-ios-sdk" */;
			productName = FirebaseStorage;
		};
/* End XCSwiftPackageProductDependency section */
	};
	rootObject = B1109EBA2C7EA94B00633647 /* Project object */;
}
